// !$*UTF8*$!
{
	archiveVersion = 1;
	classes = {
	};
	objectVersion = 48;
	objects = {

/* Begin PBXBuildFile section */
		690036EE20A9CB4F0007E825 /* TPULoginViewController.swift in Sources */ = {isa = PBXBuildFile; fileRef = 690036ED20A9CB4F0007E825 /* TPULoginViewController.swift */; };
		690982CD20CFB3B400C122AC /* Company.swift in Sources */ = {isa = PBXBuildFile; fileRef = 690982CC20CFB3B400C122AC /* Company.swift */; };
		6911461D20C80DEA00E0D82D /* UISearchBarExtension.swift in Sources */ = {isa = PBXBuildFile; fileRef = 6911461C20C80DEA00E0D82D /* UISearchBarExtension.swift */; };
		6911461F20C81CE700E0D82D /* VerifyDetailsViewController.swift in Sources */ = {isa = PBXBuildFile; fileRef = 6911461E20C81CE700E0D82D /* VerifyDetailsViewController.swift */; };
		69144A9320D2830300894233 /* Podfile in Resources */ = {isa = PBXBuildFile; fileRef = 69144A9220D2830300894233 /* Podfile */; };
		69197E1A20EDBE8100B05B58 /* AddNotifAvailRequestVC.swift in Sources */ = {isa = PBXBuildFile; fileRef = 69197E1920EDBE8100B05B58 /* AddNotifAvailRequestVC.swift */; };
		6925E25620D3FFB100886A3E /* FieldInfo.swift in Sources */ = {isa = PBXBuildFile; fileRef = 6925E25520D3FFB100886A3E /* FieldInfo.swift */; };
		6925E25820D40F4800886A3E /* SuccessViewController.swift in Sources */ = {isa = PBXBuildFile; fileRef = 6925E25720D40F4800886A3E /* SuccessViewController.swift */; };
		69293B4720C158B30035E24B /* LocationSearchTableViewCell.swift in Sources */ = {isa = PBXBuildFile; fileRef = 69293B4620C158B30035E24B /* LocationSearchTableViewCell.swift */; };
		692E5BB420DD06D400FB3AD4 /* ListEPUsersTableVC.swift in Sources */ = {isa = PBXBuildFile; fileRef = 692E5BB320DD06D400FB3AD4 /* ListEPUsersTableVC.swift */; };
		692E5BB620DD06F600FB3AD4 /* ListEPUsersTableViewCell.swift in Sources */ = {isa = PBXBuildFile; fileRef = 692E5BB520DD06F600FB3AD4 /* ListEPUsersTableViewCell.swift */; };
		692E5BB820DD0A3200FB3AD4 /* Profile.swift in Sources */ = {isa = PBXBuildFile; fileRef = 692E5BB720DD0A3200FB3AD4 /* Profile.swift */; };
		693CE07320C9466C00736C4E /* SIADetailsDataTableViewCell.swift in Sources */ = {isa = PBXBuildFile; fileRef = 693CE07020C9466C00736C4E /* SIADetailsDataTableViewCell.swift */; };
		693CE07520C9466C00736C4E /* SIADetailsTitleTableViewCell.swift in Sources */ = {isa = PBXBuildFile; fileRef = 693CE07220C9466C00736C4E /* SIADetailsTitleTableViewCell.swift */; };
		6972B88720B5A26E009B1BEC /* CircleView.swift in Sources */ = {isa = PBXBuildFile; fileRef = 6972B88520B5A26E009B1BEC /* CircleView.swift */; };
		699BDAF520A2EB870088E0E9 /* UIViewExtension.swift in Sources */ = {isa = PBXBuildFile; fileRef = 699BDAF420A2EB870088E0E9 /* UIViewExtension.swift */; };
		699BDAF720A2EDEF0088E0E9 /* MCLoginViewController.swift in Sources */ = {isa = PBXBuildFile; fileRef = 699BDAF620A2EDEF0088E0E9 /* MCLoginViewController.swift */; };
		699BDAF920A308D00088E0E9 /* EPLoginViewController.swift in Sources */ = {isa = PBXBuildFile; fileRef = 699BDAF820A308D00088E0E9 /* EPLoginViewController.swift */; };
		699BDAFB20A334130088E0E9 /* SECUserLoginViewController.swift in Sources */ = {isa = PBXBuildFile; fileRef = 699BDAFA20A334130088E0E9 /* SECUserLoginViewController.swift */; };
		69B374FA20C6C95300D9FB8D /* StreetInterchangeViewController.swift in Sources */ = {isa = PBXBuildFile; fileRef = 69B374F920C6C95300D9FB8D /* StreetInterchangeViewController.swift */; };
		69BAA54020DBA60300961BB9 /* SearchInterchangeRequestResultVC.swift in Sources */ = {isa = PBXBuildFile; fileRef = 69BAA53F20DBA60300961BB9 /* SearchInterchangeRequestResultVC.swift */; };
		69BAA54220DBA6B500961BB9 /* SearchInterchangeRequestTableViewCell.swift in Sources */ = {isa = PBXBuildFile; fileRef = 69BAA54120DBA6B500961BB9 /* SearchInterchangeRequestTableViewCell.swift */; };
		69BAA54420DBA84E00961BB9 /* SearchSIADetails.swift in Sources */ = {isa = PBXBuildFile; fileRef = 69BAA54320DBA84E00961BB9 /* SearchSIADetails.swift */; };
		69BAA54C20DBC8CF00961BB9 /* Floaty.swift in Sources */ = {isa = PBXBuildFile; fileRef = 69BAA54620DBC8CF00961BB9 /* Floaty.swift */; };
		69BAA54D20DBC8CF00961BB9 /* FloatyDelegate.swift in Sources */ = {isa = PBXBuildFile; fileRef = 69BAA54720DBC8CF00961BB9 /* FloatyDelegate.swift */; };
		69BAA54E20DBC8CF00961BB9 /* FloatyItem.swift in Sources */ = {isa = PBXBuildFile; fileRef = 69BAA54820DBC8CF00961BB9 /* FloatyItem.swift */; };
		69BAA54F20DBC8CF00961BB9 /* FloatyManager.swift in Sources */ = {isa = PBXBuildFile; fileRef = 69BAA54920DBC8CF00961BB9 /* FloatyManager.swift */; };
		69BAA55020DBC8CF00961BB9 /* FloatyViewController.swift in Sources */ = {isa = PBXBuildFile; fileRef = 69BAA54A20DBC8CF00961BB9 /* FloatyViewController.swift */; };
		69BAA55120DBC8CF00961BB9 /* FloatyWindow.swift in Sources */ = {isa = PBXBuildFile; fileRef = 69BAA54B20DBC8CF00961BB9 /* FloatyWindow.swift */; };
		69BAA55320DBCBEC00961BB9 /* ViewStreetTurnDetailsVC.swift in Sources */ = {isa = PBXBuildFile; fileRef = 69BAA55220DBCBEC00961BB9 /* ViewStreetTurnDetailsVC.swift */; };
		69BAA55520DBE69700961BB9 /* ViewWorkFlowDetailsVC.swift in Sources */ = {isa = PBXBuildFile; fileRef = 69BAA55420DBE69700961BB9 /* ViewWorkFlowDetailsVC.swift */; };
		69BAA55720DBE93F00961BB9 /* CircularTransition.swift in Sources */ = {isa = PBXBuildFile; fileRef = 69BAA55620DBE93E00961BB9 /* CircularTransition.swift */; };
		69BBE8DD209B0A69008F1913 /* AppDelegate.swift in Sources */ = {isa = PBXBuildFile; fileRef = 69BBE8DC209B0A69008F1913 /* AppDelegate.swift */; };
		69BBE8E2209B0A69008F1913 /* Main.storyboard in Resources */ = {isa = PBXBuildFile; fileRef = 69BBE8E0209B0A69008F1913 /* Main.storyboard */; };
		69BBE8E5209B0A69008F1913 /* SIA.xcdatamodeld in Sources */ = {isa = PBXBuildFile; fileRef = 69BBE8E3209B0A69008F1913 /* SIA.xcdatamodeld */; };
		69BBE8E7209B0A69008F1913 /* Assets.xcassets in Resources */ = {isa = PBXBuildFile; fileRef = 69BBE8E6209B0A69008F1913 /* Assets.xcassets */; };
		69BBE8EA209B0A69008F1913 /* LaunchScreen.storyboard in Resources */ = {isa = PBXBuildFile; fileRef = 69BBE8E8209B0A69008F1913 /* LaunchScreen.storyboard */; };
		69BBE8F5209B0A69008F1913 /* SIATests.swift in Sources */ = {isa = PBXBuildFile; fileRef = 69BBE8F4209B0A69008F1913 /* SIATests.swift */; };
		69BBE900209B0A69008F1913 /* SIAUITests.swift in Sources */ = {isa = PBXBuildFile; fileRef = 69BBE8FF209B0A69008F1913 /* SIAUITests.swift */; };
		69BBE916209B0EBE008F1913 /* UITextFieldExtension.swift in Sources */ = {isa = PBXBuildFile; fileRef = 69BBE914209B0EBE008F1913 /* UITextFieldExtension.swift */; };
		69BBE917209B0EBE008F1913 /* DesignableUITextField.swift in Sources */ = {isa = PBXBuildFile; fileRef = 69BBE915209B0EBE008F1913 /* DesignableUITextField.swift */; };
		69BBE92A209B0EFA008F1913 /* Roboto-Light.ttf in Resources */ = {isa = PBXBuildFile; fileRef = 69BBE918209B0EF7008F1913 /* Roboto-Light.ttf */; };
		69BBE92B209B0EFA008F1913 /* RobotoCondensed-Bold.ttf in Resources */ = {isa = PBXBuildFile; fileRef = 69BBE919209B0EF7008F1913 /* RobotoCondensed-Bold.ttf */; };
		69BBE92C209B0EFA008F1913 /* Roboto-BlackItalic.ttf in Resources */ = {isa = PBXBuildFile; fileRef = 69BBE91A209B0EF7008F1913 /* Roboto-BlackItalic.ttf */; };
		69BBE92D209B0EFA008F1913 /* Roboto-Italic.ttf in Resources */ = {isa = PBXBuildFile; fileRef = 69BBE91B209B0EF7008F1913 /* Roboto-Italic.ttf */; };
		69BBE92E209B0EFA008F1913 /* Roboto-LightItalic.ttf in Resources */ = {isa = PBXBuildFile; fileRef = 69BBE91C209B0EF7008F1913 /* Roboto-LightItalic.ttf */; };
		69BBE92F209B0EFA008F1913 /* Roboto-Bold.ttf in Resources */ = {isa = PBXBuildFile; fileRef = 69BBE91D209B0EF7008F1913 /* Roboto-Bold.ttf */; };
		69BBE930209B0EFA008F1913 /* RobotoCondensed-Regular.ttf in Resources */ = {isa = PBXBuildFile; fileRef = 69BBE91E209B0EF7008F1913 /* RobotoCondensed-Regular.ttf */; };
		69BBE931209B0EFA008F1913 /* Roboto-BoldItalic.ttf in Resources */ = {isa = PBXBuildFile; fileRef = 69BBE91F209B0EF8008F1913 /* Roboto-BoldItalic.ttf */; };
		69BBE932209B0EFA008F1913 /* Roboto-Regular.ttf in Resources */ = {isa = PBXBuildFile; fileRef = 69BBE920209B0EF8008F1913 /* Roboto-Regular.ttf */; };
		69BBE933209B0EFA008F1913 /* Roboto-Medium.ttf in Resources */ = {isa = PBXBuildFile; fileRef = 69BBE921209B0EF8008F1913 /* Roboto-Medium.ttf */; };
		69BBE934209B0EFA008F1913 /* Roboto-Black.ttf in Resources */ = {isa = PBXBuildFile; fileRef = 69BBE922209B0EF8008F1913 /* Roboto-Black.ttf */; };
		69BBE935209B0EFA008F1913 /* RobotoCondensed-Italic.ttf in Resources */ = {isa = PBXBuildFile; fileRef = 69BBE923209B0EF8008F1913 /* RobotoCondensed-Italic.ttf */; };
		69BBE936209B0EFA008F1913 /* RobotoCondensed-LightItalic.ttf in Resources */ = {isa = PBXBuildFile; fileRef = 69BBE924209B0EF8008F1913 /* RobotoCondensed-LightItalic.ttf */; };
		69BBE937209B0EFA008F1913 /* Roboto-ThinItalic.ttf in Resources */ = {isa = PBXBuildFile; fileRef = 69BBE925209B0EF9008F1913 /* Roboto-ThinItalic.ttf */; };
		69BBE938209B0EFA008F1913 /* Roboto-Thin.ttf in Resources */ = {isa = PBXBuildFile; fileRef = 69BBE926209B0EF9008F1913 /* Roboto-Thin.ttf */; };
		69BBE939209B0EFA008F1913 /* RobotoCondensed-BoldItalic.ttf in Resources */ = {isa = PBXBuildFile; fileRef = 69BBE927209B0EF9008F1913 /* RobotoCondensed-BoldItalic.ttf */; };
		69BBE93A209B0EFA008F1913 /* Roboto-MediumItalic.ttf in Resources */ = {isa = PBXBuildFile; fileRef = 69BBE928209B0EF9008F1913 /* Roboto-MediumItalic.ttf */; };
		69BBE93B209B0EFA008F1913 /* RobotoCondensed-Light.ttf in Resources */ = {isa = PBXBuildFile; fileRef = 69BBE929209B0EFA008F1913 /* RobotoCondensed-Light.ttf */; };
		69BBE941209B0F20008F1913 /* SearchDVIRDetailsResponse.swift in Sources */ = {isa = PBXBuildFile; fileRef = 69BBE93C209B0F1F008F1913 /* SearchDVIRDetailsResponse.swift */; };
		69BBE942209B0F20008F1913 /* Pagination.swift in Sources */ = {isa = PBXBuildFile; fileRef = 69BBE93D209B0F20008F1913 /* Pagination.swift */; };
		69BBE943209B0F20008F1913 /* UserDetails.swift in Sources */ = {isa = PBXBuildFile; fileRef = 69BBE93E209B0F20008F1913 /* UserDetails.swift */; };
		69BBE944209B0F20008F1913 /* APIResponseMessage.swift in Sources */ = {isa = PBXBuildFile; fileRef = 69BBE93F209B0F20008F1913 /* APIResponseMessage.swift */; };
		69BBE945209B0F20008F1913 /* LocationDetails.swift in Sources */ = {isa = PBXBuildFile; fileRef = 69BBE940209B0F20008F1913 /* LocationDetails.swift */; };
		69BBE94A209B0F34008F1913 /* ApplicationUtils.swift in Sources */ = {isa = PBXBuildFile; fileRef = 69BBE946209B0F34008F1913 /* ApplicationUtils.swift */; };
		69BBE94B209B0F34008F1913 /* ValidationUtils.swift in Sources */ = {isa = PBXBuildFile; fileRef = 69BBE947209B0F34008F1913 /* ValidationUtils.swift */; };
		69BBE94C209B0F34008F1913 /* TestMain.swift in Sources */ = {isa = PBXBuildFile; fileRef = 69BBE948209B0F34008F1913 /* TestMain.swift */; };
		69BBE94D209B0F34008F1913 /* AppConstants.swift in Sources */ = {isa = PBXBuildFile; fileRef = 69BBE949209B0F34008F1913 /* AppConstants.swift */; };
		69BBE94F209B11AF008F1913 /* NoInternetViewController.swift in Sources */ = {isa = PBXBuildFile; fileRef = 69BBE94E209B11AF008F1913 /* NoInternetViewController.swift */; };
		69BC0ABF20AC39DD00560AB6 /* IDDLogin1ViewController.swift in Sources */ = {isa = PBXBuildFile; fileRef = 69BC0ABE20AC39DD00560AB6 /* IDDLogin1ViewController.swift */; };
		69BC0AC120AC3D6A00560AB6 /* IDDLogin2ViewController.swift in Sources */ = {isa = PBXBuildFile; fileRef = 69BC0AC020AC3D6A00560AB6 /* IDDLogin2ViewController.swift */; };
		69C8127020BFF89E00A90081 /* CardView.swift in Sources */ = {isa = PBXBuildFile; fileRef = 69C8126F20BFF89E00A90081 /* CardView.swift */; };
		69C8127220C00F0800A90081 /* LocationSearchTableViewController.swift in Sources */ = {isa = PBXBuildFile; fileRef = 69C8127120C00F0800A90081 /* LocationSearchTableViewController.swift */; };
		69C8127420C0383F00A90081 /* StreetTurnRequestViewController.swift in Sources */ = {isa = PBXBuildFile; fileRef = 69C8127320C0383F00A90081 /* StreetTurnRequestViewController.swift */; };
		69C8127620C03E1900A90081 /* LocationSearchTableViewCellDelegate.swift in Sources */ = {isa = PBXBuildFile; fileRef = 69C8127520C03E1900A90081 /* LocationSearchTableViewCellDelegate.swift */; };
		69D7DAF120BE9DD100548F5A /* LoginUITabBarController.swift in Sources */ = {isa = PBXBuildFile; fileRef = 69D7DAF020BE9DD100548F5A /* LoginUITabBarController.swift */; };
		69E814FB20A45C4B0076A118 /* ForgotPasswordViewController.swift in Sources */ = {isa = PBXBuildFile; fileRef = 69E814FA20A45C4B0076A118 /* ForgotPasswordViewController.swift */; };
		69E814FD20A460AB0076A118 /* SECForgotPasswordViewController.swift in Sources */ = {isa = PBXBuildFile; fileRef = 69E814FC20A460AB0076A118 /* SECForgotPasswordViewController.swift */; };
		69E814FF20A47A240076A118 /* TPUForgotUsernameViewController.swift in Sources */ = {isa = PBXBuildFile; fileRef = 69E814FE20A47A240076A118 /* TPUForgotUsernameViewController.swift */; };
		69E8150120A47C630076A118 /* TPUForgotPasswordViewController.swift in Sources */ = {isa = PBXBuildFile; fileRef = 69E8150020A47C630076A118 /* TPUForgotPasswordViewController.swift */; };
		69FBD17520EC64BD0030FBF1 /* RequestPoolSearchVC.swift in Sources */ = {isa = PBXBuildFile; fileRef = 69FBD17420EC64BD0030FBF1 /* RequestPoolSearchVC.swift */; };
		69FBD17920EC710C0030FBF1 /* RequestPoolSearchResultVC.swift in Sources */ = {isa = PBXBuildFile; fileRef = 69FBD17820EC710C0030FBF1 /* RequestPoolSearchResultVC.swift */; };
		69FBD17B20EC75B80030FBF1 /* SearchRequestPoolDetailsResponse.swift in Sources */ = {isa = PBXBuildFile; fileRef = 69FBD17A20EC75B80030FBF1 /* SearchRequestPoolDetailsResponse.swift */; };
		69FBD17D20EC7FA80030FBF1 /* SearchRequestPoolTableViewCell.swift in Sources */ = {isa = PBXBuildFile; fileRef = 69FBD17C20EC7FA80030FBF1 /* SearchRequestPoolTableViewCell.swift */; };
		69FBD17F20ECA69A0030FBF1 /* SearchRequestPoolTableViewCellDelegate.swift in Sources */ = {isa = PBXBuildFile; fileRef = 69FBD17E20ECA69A0030FBF1 /* SearchRequestPoolTableViewCellDelegate.swift */; };
		69FBD18120ECC6800030FBF1 /* SetupPageResponse.swift in Sources */ = {isa = PBXBuildFile; fileRef = 69FBD18020ECC6800030FBF1 /* SetupPageResponse.swift */; };
		69FC3F3D20DA579700B31A17 /* SearchInterchangeRequestsVC.swift in Sources */ = {isa = PBXBuildFile; fileRef = 69FC3F3C20DA579700B31A17 /* SearchInterchangeRequestsVC.swift */; };
		69FD8C9120BBEA5900D076E4 /* DashboardTableViewCell.swift in Sources */ = {isa = PBXBuildFile; fileRef = 69FD8C9020BBEA5800D076E4 /* DashboardTableViewCell.swift */; };
		69FD8C9320BBEA6300D076E4 /* DashboardTableViewController.swift in Sources */ = {isa = PBXBuildFile; fileRef = 69FD8C9220BBEA6300D076E4 /* DashboardTableViewController.swift */; };
		69FD8C9720BC381C00D076E4 /* DashboardTableViewCellDelegate.swift in Sources */ = {isa = PBXBuildFile; fileRef = 69FD8C9620BC381C00D076E4 /* DashboardTableViewCellDelegate.swift */; };
		C34FF31BEAFD0ED20BEBD449 /* Pods_SIA.framework in Frameworks */ = {isa = PBXBuildFile; fileRef = A9A9B3FCD10F571DF691685F /* Pods_SIA.framework */; };
/* End PBXBuildFile section */

/* Begin PBXContainerItemProxy section */
		69BBE8F1209B0A69008F1913 /* PBXContainerItemProxy */ = {
			isa = PBXContainerItemProxy;
			containerPortal = 69BBE8D1209B0A69008F1913 /* Project object */;
			proxyType = 1;
			remoteGlobalIDString = 69BBE8D8209B0A69008F1913;
			remoteInfo = SIA;
		};
		69BBE8FC209B0A69008F1913 /* PBXContainerItemProxy */ = {
			isa = PBXContainerItemProxy;
			containerPortal = 69BBE8D1209B0A69008F1913 /* Project object */;
			proxyType = 1;
			remoteGlobalIDString = 69BBE8D8209B0A69008F1913;
			remoteInfo = SIA;
		};
/* End PBXContainerItemProxy section */

/* Begin PBXFileReference section */
		482B039D521B4F445647F2FD /* Pods-SIA.release.xcconfig */ = {isa = PBXFileReference; includeInIndex = 1; lastKnownFileType = text.xcconfig; name = "Pods-SIA.release.xcconfig"; path = "Pods/Target Support Files/Pods-SIA/Pods-SIA.release.xcconfig"; sourceTree = "<group>"; };
		690036ED20A9CB4F0007E825 /* TPULoginViewController.swift */ = {isa = PBXFileReference; lastKnownFileType = sourcecode.swift; path = TPULoginViewController.swift; sourceTree = "<group>"; };
		690982CC20CFB3B400C122AC /* Company.swift */ = {isa = PBXFileReference; lastKnownFileType = sourcecode.swift; path = Company.swift; sourceTree = "<group>"; };
		6911461C20C80DEA00E0D82D /* UISearchBarExtension.swift */ = {isa = PBXFileReference; lastKnownFileType = sourcecode.swift; path = UISearchBarExtension.swift; sourceTree = "<group>"; };
		6911461E20C81CE700E0D82D /* VerifyDetailsViewController.swift */ = {isa = PBXFileReference; lastKnownFileType = sourcecode.swift; path = VerifyDetailsViewController.swift; sourceTree = "<group>"; };
		69144A9220D2830300894233 /* Podfile */ = {isa = PBXFileReference; lastKnownFileType = text; path = Podfile; sourceTree = "<group>"; xcLanguageSpecificationIdentifier = xcode.lang.ruby; };
		69197E1920EDBE8100B05B58 /* AddNotifAvailRequestVC.swift */ = {isa = PBXFileReference; lastKnownFileType = sourcecode.swift; path = AddNotifAvailRequestVC.swift; sourceTree = "<group>"; };
		6925E25520D3FFB100886A3E /* FieldInfo.swift */ = {isa = PBXFileReference; lastKnownFileType = sourcecode.swift; path = FieldInfo.swift; sourceTree = "<group>"; };
		6925E25720D40F4800886A3E /* SuccessViewController.swift */ = {isa = PBXFileReference; lastKnownFileType = sourcecode.swift; path = SuccessViewController.swift; sourceTree = "<group>"; };
		69293B4620C158B30035E24B /* LocationSearchTableViewCell.swift */ = {isa = PBXFileReference; lastKnownFileType = sourcecode.swift; path = LocationSearchTableViewCell.swift; sourceTree = "<group>"; };
		692E5BB320DD06D400FB3AD4 /* ListEPUsersTableVC.swift */ = {isa = PBXFileReference; lastKnownFileType = sourcecode.swift; path = ListEPUsersTableVC.swift; sourceTree = "<group>"; };
		692E5BB520DD06F600FB3AD4 /* ListEPUsersTableViewCell.swift */ = {isa = PBXFileReference; lastKnownFileType = sourcecode.swift; path = ListEPUsersTableViewCell.swift; sourceTree = "<group>"; };
		692E5BB720DD0A3200FB3AD4 /* Profile.swift */ = {isa = PBXFileReference; lastKnownFileType = sourcecode.swift; path = Profile.swift; sourceTree = "<group>"; };
		693CE07020C9466C00736C4E /* SIADetailsDataTableViewCell.swift */ = {isa = PBXFileReference; fileEncoding = 4; lastKnownFileType = sourcecode.swift; path = SIADetailsDataTableViewCell.swift; sourceTree = "<group>"; };
		693CE07220C9466C00736C4E /* SIADetailsTitleTableViewCell.swift */ = {isa = PBXFileReference; fileEncoding = 4; lastKnownFileType = sourcecode.swift; path = SIADetailsTitleTableViewCell.swift; sourceTree = "<group>"; };
		6972B88520B5A26E009B1BEC /* CircleView.swift */ = {isa = PBXFileReference; fileEncoding = 4; lastKnownFileType = sourcecode.swift; path = CircleView.swift; sourceTree = "<group>"; };
		699BDAF420A2EB870088E0E9 /* UIViewExtension.swift */ = {isa = PBXFileReference; lastKnownFileType = sourcecode.swift; path = UIViewExtension.swift; sourceTree = "<group>"; };
		699BDAF620A2EDEF0088E0E9 /* MCLoginViewController.swift */ = {isa = PBXFileReference; lastKnownFileType = sourcecode.swift; path = MCLoginViewController.swift; sourceTree = "<group>"; };
		699BDAF820A308D00088E0E9 /* EPLoginViewController.swift */ = {isa = PBXFileReference; lastKnownFileType = sourcecode.swift; path = EPLoginViewController.swift; sourceTree = "<group>"; };
		699BDAFA20A334130088E0E9 /* SECUserLoginViewController.swift */ = {isa = PBXFileReference; lastKnownFileType = sourcecode.swift; path = SECUserLoginViewController.swift; sourceTree = "<group>"; };
		69B374F920C6C95300D9FB8D /* StreetInterchangeViewController.swift */ = {isa = PBXFileReference; lastKnownFileType = sourcecode.swift; path = StreetInterchangeViewController.swift; sourceTree = "<group>"; };
		69BAA53F20DBA60300961BB9 /* SearchInterchangeRequestResultVC.swift */ = {isa = PBXFileReference; lastKnownFileType = sourcecode.swift; path = SearchInterchangeRequestResultVC.swift; sourceTree = "<group>"; };
		69BAA54120DBA6B500961BB9 /* SearchInterchangeRequestTableViewCell.swift */ = {isa = PBXFileReference; lastKnownFileType = sourcecode.swift; path = SearchInterchangeRequestTableViewCell.swift; sourceTree = "<group>"; };
		69BAA54320DBA84E00961BB9 /* SearchSIADetails.swift */ = {isa = PBXFileReference; lastKnownFileType = sourcecode.swift; path = SearchSIADetails.swift; sourceTree = "<group>"; };
		69BAA54620DBC8CF00961BB9 /* Floaty.swift */ = {isa = PBXFileReference; fileEncoding = 4; lastKnownFileType = sourcecode.swift; path = Floaty.swift; sourceTree = "<group>"; };
		69BAA54720DBC8CF00961BB9 /* FloatyDelegate.swift */ = {isa = PBXFileReference; fileEncoding = 4; lastKnownFileType = sourcecode.swift; path = FloatyDelegate.swift; sourceTree = "<group>"; };
		69BAA54820DBC8CF00961BB9 /* FloatyItem.swift */ = {isa = PBXFileReference; fileEncoding = 4; lastKnownFileType = sourcecode.swift; path = FloatyItem.swift; sourceTree = "<group>"; };
		69BAA54920DBC8CF00961BB9 /* FloatyManager.swift */ = {isa = PBXFileReference; fileEncoding = 4; lastKnownFileType = sourcecode.swift; path = FloatyManager.swift; sourceTree = "<group>"; };
		69BAA54A20DBC8CF00961BB9 /* FloatyViewController.swift */ = {isa = PBXFileReference; fileEncoding = 4; lastKnownFileType = sourcecode.swift; path = FloatyViewController.swift; sourceTree = "<group>"; };
		69BAA54B20DBC8CF00961BB9 /* FloatyWindow.swift */ = {isa = PBXFileReference; fileEncoding = 4; lastKnownFileType = sourcecode.swift; path = FloatyWindow.swift; sourceTree = "<group>"; };
		69BAA55220DBCBEC00961BB9 /* ViewStreetTurnDetailsVC.swift */ = {isa = PBXFileReference; lastKnownFileType = sourcecode.swift; path = ViewStreetTurnDetailsVC.swift; sourceTree = "<group>"; };
		69BAA55420DBE69700961BB9 /* ViewWorkFlowDetailsVC.swift */ = {isa = PBXFileReference; lastKnownFileType = sourcecode.swift; path = ViewWorkFlowDetailsVC.swift; sourceTree = "<group>"; };
		69BAA55620DBE93E00961BB9 /* CircularTransition.swift */ = {isa = PBXFileReference; fileEncoding = 4; lastKnownFileType = sourcecode.swift; path = CircularTransition.swift; sourceTree = "<group>"; };
		69BBE8D9209B0A69008F1913 /* SIA.app */ = {isa = PBXFileReference; explicitFileType = wrapper.application; includeInIndex = 0; path = SIA.app; sourceTree = BUILT_PRODUCTS_DIR; };
		69BBE8DC209B0A69008F1913 /* AppDelegate.swift */ = {isa = PBXFileReference; lastKnownFileType = sourcecode.swift; path = AppDelegate.swift; sourceTree = "<group>"; };
		69BBE8E1209B0A69008F1913 /* Base */ = {isa = PBXFileReference; lastKnownFileType = file.storyboard; name = Base; path = Base.lproj/Main.storyboard; sourceTree = "<group>"; };
		69BBE8E4209B0A69008F1913 /* SIA.xcdatamodel */ = {isa = PBXFileReference; lastKnownFileType = wrapper.xcdatamodel; path = SIA.xcdatamodel; sourceTree = "<group>"; };
		69BBE8E6209B0A69008F1913 /* Assets.xcassets */ = {isa = PBXFileReference; lastKnownFileType = folder.assetcatalog; path = Assets.xcassets; sourceTree = "<group>"; };
		69BBE8E9209B0A69008F1913 /* Base */ = {isa = PBXFileReference; lastKnownFileType = file.storyboard; name = Base; path = Base.lproj/LaunchScreen.storyboard; sourceTree = "<group>"; };
		69BBE8EB209B0A69008F1913 /* Info.plist */ = {isa = PBXFileReference; lastKnownFileType = text.plist.xml; path = Info.plist; sourceTree = "<group>"; };
		69BBE8F0209B0A69008F1913 /* SIATests.xctest */ = {isa = PBXFileReference; explicitFileType = wrapper.cfbundle; includeInIndex = 0; path = SIATests.xctest; sourceTree = BUILT_PRODUCTS_DIR; };
		69BBE8F4209B0A69008F1913 /* SIATests.swift */ = {isa = PBXFileReference; lastKnownFileType = sourcecode.swift; path = SIATests.swift; sourceTree = "<group>"; };
		69BBE8F6209B0A69008F1913 /* Info.plist */ = {isa = PBXFileReference; lastKnownFileType = text.plist.xml; path = Info.plist; sourceTree = "<group>"; };
		69BBE8FB209B0A69008F1913 /* SIAUITests.xctest */ = {isa = PBXFileReference; explicitFileType = wrapper.cfbundle; includeInIndex = 0; path = SIAUITests.xctest; sourceTree = BUILT_PRODUCTS_DIR; };
		69BBE8FF209B0A69008F1913 /* SIAUITests.swift */ = {isa = PBXFileReference; lastKnownFileType = sourcecode.swift; path = SIAUITests.swift; sourceTree = "<group>"; };
		69BBE901209B0A69008F1913 /* Info.plist */ = {isa = PBXFileReference; lastKnownFileType = text.plist.xml; path = Info.plist; sourceTree = "<group>"; };
		69BBE914209B0EBE008F1913 /* UITextFieldExtension.swift */ = {isa = PBXFileReference; fileEncoding = 4; lastKnownFileType = sourcecode.swift; path = UITextFieldExtension.swift; sourceTree = "<group>"; };
		69BBE915209B0EBE008F1913 /* DesignableUITextField.swift */ = {isa = PBXFileReference; fileEncoding = 4; lastKnownFileType = sourcecode.swift; path = DesignableUITextField.swift; sourceTree = "<group>"; };
		69BBE918209B0EF7008F1913 /* Roboto-Light.ttf */ = {isa = PBXFileReference; lastKnownFileType = file; path = "Roboto-Light.ttf"; sourceTree = "<group>"; };
		69BBE919209B0EF7008F1913 /* RobotoCondensed-Bold.ttf */ = {isa = PBXFileReference; lastKnownFileType = file; path = "RobotoCondensed-Bold.ttf"; sourceTree = "<group>"; };
		69BBE91A209B0EF7008F1913 /* Roboto-BlackItalic.ttf */ = {isa = PBXFileReference; lastKnownFileType = file; path = "Roboto-BlackItalic.ttf"; sourceTree = "<group>"; };
		69BBE91B209B0EF7008F1913 /* Roboto-Italic.ttf */ = {isa = PBXFileReference; lastKnownFileType = file; path = "Roboto-Italic.ttf"; sourceTree = "<group>"; };
		69BBE91C209B0EF7008F1913 /* Roboto-LightItalic.ttf */ = {isa = PBXFileReference; lastKnownFileType = file; path = "Roboto-LightItalic.ttf"; sourceTree = "<group>"; };
		69BBE91D209B0EF7008F1913 /* Roboto-Bold.ttf */ = {isa = PBXFileReference; lastKnownFileType = file; path = "Roboto-Bold.ttf"; sourceTree = "<group>"; };
		69BBE91E209B0EF7008F1913 /* RobotoCondensed-Regular.ttf */ = {isa = PBXFileReference; lastKnownFileType = file; path = "RobotoCondensed-Regular.ttf"; sourceTree = "<group>"; };
		69BBE91F209B0EF8008F1913 /* Roboto-BoldItalic.ttf */ = {isa = PBXFileReference; lastKnownFileType = file; path = "Roboto-BoldItalic.ttf"; sourceTree = "<group>"; };
		69BBE920209B0EF8008F1913 /* Roboto-Regular.ttf */ = {isa = PBXFileReference; lastKnownFileType = file; path = "Roboto-Regular.ttf"; sourceTree = "<group>"; };
		69BBE921209B0EF8008F1913 /* Roboto-Medium.ttf */ = {isa = PBXFileReference; lastKnownFileType = file; path = "Roboto-Medium.ttf"; sourceTree = "<group>"; };
		69BBE922209B0EF8008F1913 /* Roboto-Black.ttf */ = {isa = PBXFileReference; lastKnownFileType = file; path = "Roboto-Black.ttf"; sourceTree = "<group>"; };
		69BBE923209B0EF8008F1913 /* RobotoCondensed-Italic.ttf */ = {isa = PBXFileReference; lastKnownFileType = file; path = "RobotoCondensed-Italic.ttf"; sourceTree = "<group>"; };
		69BBE924209B0EF8008F1913 /* RobotoCondensed-LightItalic.ttf */ = {isa = PBXFileReference; lastKnownFileType = file; path = "RobotoCondensed-LightItalic.ttf"; sourceTree = "<group>"; };
		69BBE925209B0EF9008F1913 /* Roboto-ThinItalic.ttf */ = {isa = PBXFileReference; lastKnownFileType = file; path = "Roboto-ThinItalic.ttf"; sourceTree = "<group>"; };
		69BBE926209B0EF9008F1913 /* Roboto-Thin.ttf */ = {isa = PBXFileReference; lastKnownFileType = file; path = "Roboto-Thin.ttf"; sourceTree = "<group>"; };
		69BBE927209B0EF9008F1913 /* RobotoCondensed-BoldItalic.ttf */ = {isa = PBXFileReference; lastKnownFileType = file; path = "RobotoCondensed-BoldItalic.ttf"; sourceTree = "<group>"; };
		69BBE928209B0EF9008F1913 /* Roboto-MediumItalic.ttf */ = {isa = PBXFileReference; lastKnownFileType = file; path = "Roboto-MediumItalic.ttf"; sourceTree = "<group>"; };
		69BBE929209B0EFA008F1913 /* RobotoCondensed-Light.ttf */ = {isa = PBXFileReference; lastKnownFileType = file; path = "RobotoCondensed-Light.ttf"; sourceTree = "<group>"; };
		69BBE93C209B0F1F008F1913 /* SearchDVIRDetailsResponse.swift */ = {isa = PBXFileReference; fileEncoding = 4; lastKnownFileType = sourcecode.swift; path = SearchDVIRDetailsResponse.swift; sourceTree = "<group>"; };
		69BBE93D209B0F20008F1913 /* Pagination.swift */ = {isa = PBXFileReference; fileEncoding = 4; lastKnownFileType = sourcecode.swift; path = Pagination.swift; sourceTree = "<group>"; };
		69BBE93E209B0F20008F1913 /* UserDetails.swift */ = {isa = PBXFileReference; fileEncoding = 4; lastKnownFileType = sourcecode.swift; path = UserDetails.swift; sourceTree = "<group>"; };
		69BBE93F209B0F20008F1913 /* APIResponseMessage.swift */ = {isa = PBXFileReference; fileEncoding = 4; lastKnownFileType = sourcecode.swift; path = APIResponseMessage.swift; sourceTree = "<group>"; };
		69BBE940209B0F20008F1913 /* LocationDetails.swift */ = {isa = PBXFileReference; fileEncoding = 4; lastKnownFileType = sourcecode.swift; path = LocationDetails.swift; sourceTree = "<group>"; };
		69BBE946209B0F34008F1913 /* ApplicationUtils.swift */ = {isa = PBXFileReference; fileEncoding = 4; lastKnownFileType = sourcecode.swift; path = ApplicationUtils.swift; sourceTree = "<group>"; };
		69BBE947209B0F34008F1913 /* ValidationUtils.swift */ = {isa = PBXFileReference; fileEncoding = 4; lastKnownFileType = sourcecode.swift; path = ValidationUtils.swift; sourceTree = "<group>"; };
		69BBE948209B0F34008F1913 /* TestMain.swift */ = {isa = PBXFileReference; fileEncoding = 4; lastKnownFileType = sourcecode.swift; path = TestMain.swift; sourceTree = "<group>"; };
		69BBE949209B0F34008F1913 /* AppConstants.swift */ = {isa = PBXFileReference; fileEncoding = 4; lastKnownFileType = sourcecode.swift; path = AppConstants.swift; sourceTree = "<group>"; };
		69BBE94E209B11AF008F1913 /* NoInternetViewController.swift */ = {isa = PBXFileReference; fileEncoding = 4; lastKnownFileType = sourcecode.swift; path = NoInternetViewController.swift; sourceTree = "<group>"; };
		69BC0ABE20AC39DD00560AB6 /* IDDLogin1ViewController.swift */ = {isa = PBXFileReference; lastKnownFileType = sourcecode.swift; path = IDDLogin1ViewController.swift; sourceTree = "<group>"; };
		69BC0AC020AC3D6A00560AB6 /* IDDLogin2ViewController.swift */ = {isa = PBXFileReference; lastKnownFileType = sourcecode.swift; path = IDDLogin2ViewController.swift; sourceTree = "<group>"; };
		69C8126F20BFF89E00A90081 /* CardView.swift */ = {isa = PBXFileReference; fileEncoding = 4; lastKnownFileType = sourcecode.swift; path = CardView.swift; sourceTree = "<group>"; };
		69C8127120C00F0800A90081 /* LocationSearchTableViewController.swift */ = {isa = PBXFileReference; lastKnownFileType = sourcecode.swift; path = LocationSearchTableViewController.swift; sourceTree = "<group>"; };
		69C8127320C0383F00A90081 /* StreetTurnRequestViewController.swift */ = {isa = PBXFileReference; lastKnownFileType = sourcecode.swift; path = StreetTurnRequestViewController.swift; sourceTree = "<group>"; };
		69C8127520C03E1900A90081 /* LocationSearchTableViewCellDelegate.swift */ = {isa = PBXFileReference; lastKnownFileType = sourcecode.swift; path = LocationSearchTableViewCellDelegate.swift; sourceTree = "<group>"; };
		69D7DAF020BE9DD100548F5A /* LoginUITabBarController.swift */ = {isa = PBXFileReference; fileEncoding = 4; lastKnownFileType = sourcecode.swift; path = LoginUITabBarController.swift; sourceTree = "<group>"; };
		69E814FA20A45C4B0076A118 /* ForgotPasswordViewController.swift */ = {isa = PBXFileReference; lastKnownFileType = sourcecode.swift; path = ForgotPasswordViewController.swift; sourceTree = "<group>"; };
		69E814FC20A460AB0076A118 /* SECForgotPasswordViewController.swift */ = {isa = PBXFileReference; lastKnownFileType = sourcecode.swift; path = SECForgotPasswordViewController.swift; sourceTree = "<group>"; };
		69E814FE20A47A240076A118 /* TPUForgotUsernameViewController.swift */ = {isa = PBXFileReference; lastKnownFileType = sourcecode.swift; path = TPUForgotUsernameViewController.swift; sourceTree = "<group>"; };
		69E8150020A47C630076A118 /* TPUForgotPasswordViewController.swift */ = {isa = PBXFileReference; lastKnownFileType = sourcecode.swift; path = TPUForgotPasswordViewController.swift; sourceTree = "<group>"; };
		69FBD17420EC64BD0030FBF1 /* RequestPoolSearchVC.swift */ = {isa = PBXFileReference; lastKnownFileType = sourcecode.swift; path = RequestPoolSearchVC.swift; sourceTree = "<group>"; };
		69FBD17820EC710C0030FBF1 /* RequestPoolSearchResultVC.swift */ = {isa = PBXFileReference; lastKnownFileType = sourcecode.swift; path = RequestPoolSearchResultVC.swift; sourceTree = "<group>"; };
		69FBD17A20EC75B80030FBF1 /* SearchRequestPoolDetailsResponse.swift */ = {isa = PBXFileReference; lastKnownFileType = sourcecode.swift; path = SearchRequestPoolDetailsResponse.swift; sourceTree = "<group>"; };
		69FBD17C20EC7FA80030FBF1 /* SearchRequestPoolTableViewCell.swift */ = {isa = PBXFileReference; lastKnownFileType = sourcecode.swift; path = SearchRequestPoolTableViewCell.swift; sourceTree = "<group>"; };
		69FBD17E20ECA69A0030FBF1 /* SearchRequestPoolTableViewCellDelegate.swift */ = {isa = PBXFileReference; lastKnownFileType = sourcecode.swift; path = SearchRequestPoolTableViewCellDelegate.swift; sourceTree = "<group>"; };
		69FBD18020ECC6800030FBF1 /* SetupPageResponse.swift */ = {isa = PBXFileReference; lastKnownFileType = sourcecode.swift; path = SetupPageResponse.swift; sourceTree = "<group>"; };
		69FC3F3C20DA579700B31A17 /* SearchInterchangeRequestsVC.swift */ = {isa = PBXFileReference; lastKnownFileType = sourcecode.swift; path = SearchInterchangeRequestsVC.swift; sourceTree = "<group>"; };
		69FD8C9020BBEA5800D076E4 /* DashboardTableViewCell.swift */ = {isa = PBXFileReference; fileEncoding = 4; lastKnownFileType = sourcecode.swift; path = DashboardTableViewCell.swift; sourceTree = "<group>"; };
		69FD8C9220BBEA6300D076E4 /* DashboardTableViewController.swift */ = {isa = PBXFileReference; fileEncoding = 4; lastKnownFileType = sourcecode.swift; path = DashboardTableViewController.swift; sourceTree = "<group>"; };
		69FD8C9620BC381C00D076E4 /* DashboardTableViewCellDelegate.swift */ = {isa = PBXFileReference; lastKnownFileType = sourcecode.swift; path = DashboardTableViewCellDelegate.swift; sourceTree = "<group>"; };
		A9A9B3FCD10F571DF691685F /* Pods_SIA.framework */ = {isa = PBXFileReference; explicitFileType = wrapper.framework; includeInIndex = 0; path = Pods_SIA.framework; sourceTree = BUILT_PRODUCTS_DIR; };
		B55FDCE754B05B09A647EB87 /* Pods-SIA.debug.xcconfig */ = {isa = PBXFileReference; includeInIndex = 1; lastKnownFileType = text.xcconfig; name = "Pods-SIA.debug.xcconfig"; path = "Pods/Target Support Files/Pods-SIA/Pods-SIA.debug.xcconfig"; sourceTree = "<group>"; };
/* End PBXFileReference section */

/* Begin PBXFrameworksBuildPhase section */
		69BBE8D6209B0A69008F1913 /* Frameworks */ = {
			isa = PBXFrameworksBuildPhase;
			buildActionMask = 2147483647;
			files = (
				C34FF31BEAFD0ED20BEBD449 /* Pods_SIA.framework in Frameworks */,
			);
			runOnlyForDeploymentPostprocessing = 0;
		};
		69BBE8ED209B0A69008F1913 /* Frameworks */ = {
			isa = PBXFrameworksBuildPhase;
			buildActionMask = 2147483647;
			files = (
			);
			runOnlyForDeploymentPostprocessing = 0;
		};
		69BBE8F8209B0A69008F1913 /* Frameworks */ = {
			isa = PBXFrameworksBuildPhase;
			buildActionMask = 2147483647;
			files = (
			);
			runOnlyForDeploymentPostprocessing = 0;
		};
/* End PBXFrameworksBuildPhase section */

/* Begin PBXGroup section */
		533525F0710C9F09CC883D73 /* Pods */ = {
			isa = PBXGroup;
			children = (
				B55FDCE754B05B09A647EB87 /* Pods-SIA.debug.xcconfig */,
				482B039D521B4F445647F2FD /* Pods-SIA.release.xcconfig */,
			);
			name = Pods;
			sourceTree = "<group>";
		};
		53881FD4532A75CF4FBD89E4 /* Frameworks */ = {
			isa = PBXGroup;
			children = (
				A9A9B3FCD10F571DF691685F /* Pods_SIA.framework */,
			);
			name = Frameworks;
			sourceTree = "<group>";
		};
		69BAA54520DBC8CF00961BB9 /* Floaty */ = {
			isa = PBXGroup;
			children = (
				69BAA54620DBC8CF00961BB9 /* Floaty.swift */,
				69BAA54720DBC8CF00961BB9 /* FloatyDelegate.swift */,
				69BAA54820DBC8CF00961BB9 /* FloatyItem.swift */,
				69BAA54920DBC8CF00961BB9 /* FloatyManager.swift */,
				69BAA54A20DBC8CF00961BB9 /* FloatyViewController.swift */,
				69BAA54B20DBC8CF00961BB9 /* FloatyWindow.swift */,
			);
			path = Floaty;
			sourceTree = "<group>";
		};
		69BBE8D0209B0A69008F1913 = {
			isa = PBXGroup;
			children = (
				69144A9220D2830300894233 /* Podfile */,
				69BBE8DB209B0A69008F1913 /* SIA */,
				69BBE8F3209B0A69008F1913 /* SIATests */,
				69BBE8FE209B0A69008F1913 /* SIAUITests */,
				69BBE8DA209B0A69008F1913 /* Products */,
				533525F0710C9F09CC883D73 /* Pods */,
				53881FD4532A75CF4FBD89E4 /* Frameworks */,
			);
			sourceTree = "<group>";
		};
		69BBE8DA209B0A69008F1913 /* Products */ = {
			isa = PBXGroup;
			children = (
				69BBE8D9209B0A69008F1913 /* SIA.app */,
				69BBE8F0209B0A69008F1913 /* SIATests.xctest */,
				69BBE8FB209B0A69008F1913 /* SIAUITests.xctest */,
			);
			name = Products;
			sourceTree = "<group>";
		};
		69BBE8DB209B0A69008F1913 /* SIA */ = {
			isa = PBXGroup;
			children = (
				69BAA54520DBC8CF00961BB9 /* Floaty */,
				69BBE90D209B0DB2008F1913 /* Fonts */,
				69BBE90E209B0DBB008F1913 /* Controller */,
				69BBE910209B0DD5008F1913 /* Services */,
				69BBE911209B0DE1008F1913 /* Model */,
				69BBE912209B0DEC008F1913 /* Utilities */,
				69BBE913209B0E03008F1913 /* Views */,
				69BBE8DC209B0A69008F1913 /* AppDelegate.swift */,
				69BBE8E6209B0A69008F1913 /* Assets.xcassets */,
				69BBE8EB209B0A69008F1913 /* Info.plist */,
				69BBE8E3209B0A69008F1913 /* SIA.xcdatamodeld */,
			);
			path = SIA;
			sourceTree = "<group>";
		};
		69BBE8F3209B0A69008F1913 /* SIATests */ = {
			isa = PBXGroup;
			children = (
				69BBE8F4209B0A69008F1913 /* SIATests.swift */,
				69BBE8F6209B0A69008F1913 /* Info.plist */,
			);
			path = SIATests;
			sourceTree = "<group>";
		};
		69BBE8FE209B0A69008F1913 /* SIAUITests */ = {
			isa = PBXGroup;
			children = (
				69BBE8FF209B0A69008F1913 /* SIAUITests.swift */,
				69BBE901209B0A69008F1913 /* Info.plist */,
			);
			path = SIAUITests;
			sourceTree = "<group>";
		};
		69BBE90D209B0DB2008F1913 /* Fonts */ = {
			isa = PBXGroup;
			children = (
				69BBE922209B0EF8008F1913 /* Roboto-Black.ttf */,
				69BBE91A209B0EF7008F1913 /* Roboto-BlackItalic.ttf */,
				69BBE91D209B0EF7008F1913 /* Roboto-Bold.ttf */,
				69BBE91F209B0EF8008F1913 /* Roboto-BoldItalic.ttf */,
				69BBE91B209B0EF7008F1913 /* Roboto-Italic.ttf */,
				69BBE918209B0EF7008F1913 /* Roboto-Light.ttf */,
				69BBE91C209B0EF7008F1913 /* Roboto-LightItalic.ttf */,
				69BBE921209B0EF8008F1913 /* Roboto-Medium.ttf */,
				69BBE928209B0EF9008F1913 /* Roboto-MediumItalic.ttf */,
				69BBE920209B0EF8008F1913 /* Roboto-Regular.ttf */,
				69BBE926209B0EF9008F1913 /* Roboto-Thin.ttf */,
				69BBE925209B0EF9008F1913 /* Roboto-ThinItalic.ttf */,
				69BBE919209B0EF7008F1913 /* RobotoCondensed-Bold.ttf */,
				69BBE927209B0EF9008F1913 /* RobotoCondensed-BoldItalic.ttf */,
				69BBE923209B0EF8008F1913 /* RobotoCondensed-Italic.ttf */,
				69BBE929209B0EFA008F1913 /* RobotoCondensed-Light.ttf */,
				69BBE924209B0EF8008F1913 /* RobotoCondensed-LightItalic.ttf */,
				69BBE91E209B0EF7008F1913 /* RobotoCondensed-Regular.ttf */,
			);
			path = Fonts;
			sourceTree = "<group>";
		};
		69BBE90E209B0DBB008F1913 /* Controller */ = {
			isa = PBXGroup;
			children = (
				69D7DAF020BE9DD100548F5A /* LoginUITabBarController.swift */,
				69FD8C9220BBEA6300D076E4 /* DashboardTableViewController.swift */,
				69BBE94E209B11AF008F1913 /* NoInternetViewController.swift */,
				699BDAF620A2EDEF0088E0E9 /* MCLoginViewController.swift */,
				699BDAF820A308D00088E0E9 /* EPLoginViewController.swift */,
				699BDAFA20A334130088E0E9 /* SECUserLoginViewController.swift */,
				69E814FA20A45C4B0076A118 /* ForgotPasswordViewController.swift */,
				69E814FC20A460AB0076A118 /* SECForgotPasswordViewController.swift */,
				69E814FE20A47A240076A118 /* TPUForgotUsernameViewController.swift */,
				69E8150020A47C630076A118 /* TPUForgotPasswordViewController.swift */,
				690036ED20A9CB4F0007E825 /* TPULoginViewController.swift */,
				69BC0ABE20AC39DD00560AB6 /* IDDLogin1ViewController.swift */,
				69BC0AC020AC3D6A00560AB6 /* IDDLogin2ViewController.swift */,
				69C8127120C00F0800A90081 /* LocationSearchTableViewController.swift */,
				69C8127320C0383F00A90081 /* StreetTurnRequestViewController.swift */,
				69B374F920C6C95300D9FB8D /* StreetInterchangeViewController.swift */,
				6911461E20C81CE700E0D82D /* VerifyDetailsViewController.swift */,
				6925E25720D40F4800886A3E /* SuccessViewController.swift */,
				69FC3F3C20DA579700B31A17 /* SearchInterchangeRequestsVC.swift */,
				69BAA53F20DBA60300961BB9 /* SearchInterchangeRequestResultVC.swift */,
				69BAA55220DBCBEC00961BB9 /* ViewStreetTurnDetailsVC.swift */,
				69BAA55420DBE69700961BB9 /* ViewWorkFlowDetailsVC.swift */,
				692E5BB320DD06D400FB3AD4 /* ListEPUsersTableVC.swift */,
				69FBD17420EC64BD0030FBF1 /* RequestPoolSearchVC.swift */,
				69FBD17820EC710C0030FBF1 /* RequestPoolSearchResultVC.swift */,
				69197E1920EDBE8100B05B58 /* AddNotifAvailRequestVC.swift */,
			);
			path = Controller;
			sourceTree = "<group>";
		};
		69BBE910209B0DD5008F1913 /* Services */ = {
			isa = PBXGroup;
			children = (
				69BAA55620DBE93E00961BB9 /* CircularTransition.swift */,
				69293B4620C158B30035E24B /* LocationSearchTableViewCell.swift */,
				693CE07020C9466C00736C4E /* SIADetailsDataTableViewCell.swift */,
				693CE07220C9466C00736C4E /* SIADetailsTitleTableViewCell.swift */,
				69FD8C9020BBEA5800D076E4 /* DashboardTableViewCell.swift */,
				6972B88520B5A26E009B1BEC /* CircleView.swift */,
				69BBE915209B0EBE008F1913 /* DesignableUITextField.swift */,
				69C8126F20BFF89E00A90081 /* CardView.swift */,
				69BBE914209B0EBE008F1913 /* UITextFieldExtension.swift */,
				699BDAF420A2EB870088E0E9 /* UIViewExtension.swift */,
				69FD8C9620BC381C00D076E4 /* DashboardTableViewCellDelegate.swift */,
				69C8127520C03E1900A90081 /* LocationSearchTableViewCellDelegate.swift */,
				6911461C20C80DEA00E0D82D /* UISearchBarExtension.swift */,
				69BAA54120DBA6B500961BB9 /* SearchInterchangeRequestTableViewCell.swift */,
				692E5BB520DD06F600FB3AD4 /* ListEPUsersTableViewCell.swift */,
				69FBD17C20EC7FA80030FBF1 /* SearchRequestPoolTableViewCell.swift */,
				69FBD17E20ECA69A0030FBF1 /* SearchRequestPoolTableViewCellDelegate.swift */,
			);
			path = Services;
			sourceTree = "<group>";
		};
		69BBE911209B0DE1008F1913 /* Model */ = {
			isa = PBXGroup;
			children = (
				69BBE93F209B0F20008F1913 /* APIResponseMessage.swift */,
				69BBE940209B0F20008F1913 /* LocationDetails.swift */,
				69BBE93D209B0F20008F1913 /* Pagination.swift */,
				69BBE93C209B0F1F008F1913 /* SearchDVIRDetailsResponse.swift */,
				69BBE93E209B0F20008F1913 /* UserDetails.swift */,
				690982CC20CFB3B400C122AC /* Company.swift */,
				6925E25520D3FFB100886A3E /* FieldInfo.swift */,
				69BAA54320DBA84E00961BB9 /* SearchSIADetails.swift */,
				692E5BB720DD0A3200FB3AD4 /* Profile.swift */,
				69FBD17A20EC75B80030FBF1 /* SearchRequestPoolDetailsResponse.swift */,
				69FBD18020ECC6800030FBF1 /* SetupPageResponse.swift */,
			);
			path = Model;
			sourceTree = "<group>";
		};
		69BBE912209B0DEC008F1913 /* Utilities */ = {
			isa = PBXGroup;
			children = (
				69BBE949209B0F34008F1913 /* AppConstants.swift */,
				69BBE946209B0F34008F1913 /* ApplicationUtils.swift */,
				69BBE948209B0F34008F1913 /* TestMain.swift */,
				69BBE947209B0F34008F1913 /* ValidationUtils.swift */,
			);
			path = Utilities;
			sourceTree = "<group>";
		};
		69BBE913209B0E03008F1913 /* Views */ = {
			isa = PBXGroup;
			children = (
				69BBE8E0209B0A69008F1913 /* Main.storyboard */,
				69BBE8E8209B0A69008F1913 /* LaunchScreen.storyboard */,
			);
			path = Views;
			sourceTree = "<group>";
		};
/* End PBXGroup section */

/* Begin PBXNativeTarget section */
		69BBE8D8209B0A69008F1913 /* SIA */ = {
			isa = PBXNativeTarget;
			buildConfigurationList = 69BBE904209B0A69008F1913 /* Build configuration list for PBXNativeTarget "SIA" */;
			buildPhases = (
				66E2F3BDC76FD3E7CF638EE1 /* [CP] Check Pods Manifest.lock */,
				69BBE8D5209B0A69008F1913 /* Sources */,
				69BBE8D6209B0A69008F1913 /* Frameworks */,
				69BBE8D7209B0A69008F1913 /* Resources */,
				2A63A8C7E333C208A3F45FDC /* [CP] Embed Pods Frameworks */,
			);
			buildRules = (
			);
			dependencies = (
			);
			name = SIA;
			productName = SIA;
			productReference = 69BBE8D9209B0A69008F1913 /* SIA.app */;
			productType = "com.apple.product-type.application";
		};
		69BBE8EF209B0A69008F1913 /* SIATests */ = {
			isa = PBXNativeTarget;
			buildConfigurationList = 69BBE907209B0A69008F1913 /* Build configuration list for PBXNativeTarget "SIATests" */;
			buildPhases = (
				69BBE8EC209B0A69008F1913 /* Sources */,
				69BBE8ED209B0A69008F1913 /* Frameworks */,
				69BBE8EE209B0A69008F1913 /* Resources */,
			);
			buildRules = (
			);
			dependencies = (
				69BBE8F2209B0A69008F1913 /* PBXTargetDependency */,
			);
			name = SIATests;
			productName = SIATests;
			productReference = 69BBE8F0209B0A69008F1913 /* SIATests.xctest */;
			productType = "com.apple.product-type.bundle.unit-test";
		};
		69BBE8FA209B0A69008F1913 /* SIAUITests */ = {
			isa = PBXNativeTarget;
			buildConfigurationList = 69BBE90A209B0A69008F1913 /* Build configuration list for PBXNativeTarget "SIAUITests" */;
			buildPhases = (
				69BBE8F7209B0A69008F1913 /* Sources */,
				69BBE8F8209B0A69008F1913 /* Frameworks */,
				69BBE8F9209B0A69008F1913 /* Resources */,
			);
			buildRules = (
			);
			dependencies = (
				69BBE8FD209B0A69008F1913 /* PBXTargetDependency */,
			);
			name = SIAUITests;
			productName = SIAUITests;
			productReference = 69BBE8FB209B0A69008F1913 /* SIAUITests.xctest */;
			productType = "com.apple.product-type.bundle.ui-testing";
		};
/* End PBXNativeTarget section */

/* Begin PBXProject section */
		69BBE8D1209B0A69008F1913 /* Project object */ = {
			isa = PBXProject;
			attributes = {
				LastSwiftUpdateCheck = 0920;
				LastUpgradeCheck = 0930;
				ORGANIZATIONNAME = "Piyush Panchal";
				TargetAttributes = {
					69BBE8D8209B0A69008F1913 = {
						CreatedOnToolsVersion = 9.2;
						ProvisioningStyle = Automatic;
					};
					69BBE8EF209B0A69008F1913 = {
						CreatedOnToolsVersion = 9.2;
						ProvisioningStyle = Automatic;
						TestTargetID = 69BBE8D8209B0A69008F1913;
					};
					69BBE8FA209B0A69008F1913 = {
						CreatedOnToolsVersion = 9.2;
						ProvisioningStyle = Automatic;
						TestTargetID = 69BBE8D8209B0A69008F1913;
					};
				};
			};
			buildConfigurationList = 69BBE8D4209B0A69008F1913 /* Build configuration list for PBXProject "SIA" */;
			compatibilityVersion = "Xcode 8.0";
			developmentRegion = en;
			hasScannedForEncodings = 0;
			knownRegions = (
				en,
				Base,
			);
			mainGroup = 69BBE8D0209B0A69008F1913;
			productRefGroup = 69BBE8DA209B0A69008F1913 /* Products */;
			projectDirPath = "";
			projectRoot = "";
			targets = (
				69BBE8D8209B0A69008F1913 /* SIA */,
				69BBE8EF209B0A69008F1913 /* SIATests */,
				69BBE8FA209B0A69008F1913 /* SIAUITests */,
			);
		};
/* End PBXProject section */

/* Begin PBXResourcesBuildPhase section */
		69BBE8D7209B0A69008F1913 /* Resources */ = {
			isa = PBXResourcesBuildPhase;
			buildActionMask = 2147483647;
			files = (
				69BBE939209B0EFA008F1913 /* RobotoCondensed-BoldItalic.ttf in Resources */,
				69BBE933209B0EFA008F1913 /* Roboto-Medium.ttf in Resources */,
				69BBE8EA209B0A69008F1913 /* LaunchScreen.storyboard in Resources */,
				69BBE931209B0EFA008F1913 /* Roboto-BoldItalic.ttf in Resources */,
				69BBE93B209B0EFA008F1913 /* RobotoCondensed-Light.ttf in Resources */,
				69BBE92C209B0EFA008F1913 /* Roboto-BlackItalic.ttf in Resources */,
				69BBE92E209B0EFA008F1913 /* Roboto-LightItalic.ttf in Resources */,
				69BBE92B209B0EFA008F1913 /* RobotoCondensed-Bold.ttf in Resources */,
				69BBE8E7209B0A69008F1913 /* Assets.xcassets in Resources */,
				69BBE932209B0EFA008F1913 /* Roboto-Regular.ttf in Resources */,
				69144A9320D2830300894233 /* Podfile in Resources */,
				69BBE938209B0EFA008F1913 /* Roboto-Thin.ttf in Resources */,
				69BBE92F209B0EFA008F1913 /* Roboto-Bold.ttf in Resources */,
				69BBE92D209B0EFA008F1913 /* Roboto-Italic.ttf in Resources */,
				69BBE937209B0EFA008F1913 /* Roboto-ThinItalic.ttf in Resources */,
				69BBE92A209B0EFA008F1913 /* Roboto-Light.ttf in Resources */,
				69BBE934209B0EFA008F1913 /* Roboto-Black.ttf in Resources */,
				69BBE930209B0EFA008F1913 /* RobotoCondensed-Regular.ttf in Resources */,
				69BBE93A209B0EFA008F1913 /* Roboto-MediumItalic.ttf in Resources */,
				69BBE8E2209B0A69008F1913 /* Main.storyboard in Resources */,
				69BBE936209B0EFA008F1913 /* RobotoCondensed-LightItalic.ttf in Resources */,
				69BBE935209B0EFA008F1913 /* RobotoCondensed-Italic.ttf in Resources */,
			);
			runOnlyForDeploymentPostprocessing = 0;
		};
		69BBE8EE209B0A69008F1913 /* Resources */ = {
			isa = PBXResourcesBuildPhase;
			buildActionMask = 2147483647;
			files = (
			);
			runOnlyForDeploymentPostprocessing = 0;
		};
		69BBE8F9209B0A69008F1913 /* Resources */ = {
			isa = PBXResourcesBuildPhase;
			buildActionMask = 2147483647;
			files = (
			);
			runOnlyForDeploymentPostprocessing = 0;
		};
/* End PBXResourcesBuildPhase section */

/* Begin PBXShellScriptBuildPhase section */
		2A63A8C7E333C208A3F45FDC /* [CP] Embed Pods Frameworks */ = {
			isa = PBXShellScriptBuildPhase;
			buildActionMask = 12;
			files = (
			);
			inputPaths = (
				"${SRCROOT}/Pods/Target Support Files/Pods-SIA/Pods-SIA-frameworks.sh",
				"${BUILT_PRODUCTS_DIR}/Canvas/Canvas.framework",
				"${BUILT_PRODUCTS_DIR}/IQKeyboardManagerSwift/IQKeyboardManagerSwift.framework",
			);
			name = "[CP] Embed Pods Frameworks";
			outputPaths = (
				"${TARGET_BUILD_DIR}/${FRAMEWORKS_FOLDER_PATH}/Canvas.framework",
				"${TARGET_BUILD_DIR}/${FRAMEWORKS_FOLDER_PATH}/IQKeyboardManagerSwift.framework",
			);
			runOnlyForDeploymentPostprocessing = 0;
			shellPath = /bin/sh;
			shellScript = "\"${SRCROOT}/Pods/Target Support Files/Pods-SIA/Pods-SIA-frameworks.sh\"\n";
			showEnvVarsInLog = 0;
		};
		66E2F3BDC76FD3E7CF638EE1 /* [CP] Check Pods Manifest.lock */ = {
			isa = PBXShellScriptBuildPhase;
			buildActionMask = 8;
			files = (
			);
			inputPaths = (
				"${PODS_PODFILE_DIR_PATH}/Podfile.lock",
				"${PODS_ROOT}/Manifest.lock",
			);
			name = "[CP] Check Pods Manifest.lock";
			outputPaths = (
				"$(DERIVED_FILE_DIR)/Pods-SIA-checkManifestLockResult.txt",
			);
			runOnlyForDeploymentPostprocessing = 1;
			shellPath = /bin/sh;
			shellScript = "diff \"${PODS_PODFILE_DIR_PATH}/Podfile.lock\" \"${PODS_ROOT}/Manifest.lock\" > /dev/null\nif [ $? != 0 ] ; then\n    # print error to STDERR\n    echo \"error: The sandbox is not in sync with the Podfile.lock. Run 'pod install' or update your CocoaPods installation.\" >&2\n    exit 1\nfi\n# This output is used by Xcode 'outputs' to avoid re-running this script phase.\necho \"SUCCESS\" > \"${SCRIPT_OUTPUT_FILE_0}\"\n";
			showEnvVarsInLog = 0;
		};
/* End PBXShellScriptBuildPhase section */

/* Begin PBXSourcesBuildPhase section */
		69BBE8D5209B0A69008F1913 /* Sources */ = {
			isa = PBXSourcesBuildPhase;
			buildActionMask = 2147483647;
			files = (
				699BDAF520A2EB870088E0E9 /* UIViewExtension.swift in Sources */,
				69BBE917209B0EBE008F1913 /* DesignableUITextField.swift in Sources */,
				69E814FD20A460AB0076A118 /* SECForgotPasswordViewController.swift in Sources */,
				69C8127620C03E1900A90081 /* LocationSearchTableViewCellDelegate.swift in Sources */,
				6925E25620D3FFB100886A3E /* FieldInfo.swift in Sources */,
				69BAA55120DBC8CF00961BB9 /* FloatyWindow.swift in Sources */,
				6911461D20C80DEA00E0D82D /* UISearchBarExtension.swift in Sources */,
				69BAA54C20DBC8CF00961BB9 /* Floaty.swift in Sources */,
				69BBE945209B0F20008F1913 /* LocationDetails.swift in Sources */,
				6911461F20C81CE700E0D82D /* VerifyDetailsViewController.swift in Sources */,
				69FBD17520EC64BD0030FBF1 /* RequestPoolSearchVC.swift in Sources */,
				69BC0AC120AC3D6A00560AB6 /* IDDLogin2ViewController.swift in Sources */,
				69FD8C9120BBEA5900D076E4 /* DashboardTableViewCell.swift in Sources */,
				69BAA55020DBC8CF00961BB9 /* FloatyViewController.swift in Sources */,
				69FD8C9320BBEA6300D076E4 /* DashboardTableViewController.swift in Sources */,
				69BAA54020DBA60300961BB9 /* SearchInterchangeRequestResultVC.swift in Sources */,
				693CE07520C9466C00736C4E /* SIADetailsTitleTableViewCell.swift in Sources */,
				69197E1A20EDBE8100B05B58 /* AddNotifAvailRequestVC.swift in Sources */,
				69FBD18120ECC6800030FBF1 /* SetupPageResponse.swift in Sources */,
				69BBE943209B0F20008F1913 /* UserDetails.swift in Sources */,
				69BBE94F209B11AF008F1913 /* NoInternetViewController.swift in Sources */,
				69B374FA20C6C95300D9FB8D /* StreetInterchangeViewController.swift in Sources */,
				69C8127020BFF89E00A90081 /* CardView.swift in Sources */,
				69BBE94B209B0F34008F1913 /* ValidationUtils.swift in Sources */,
				69293B4720C158B30035E24B /* LocationSearchTableViewCell.swift in Sources */,
				699BDAFB20A334130088E0E9 /* SECUserLoginViewController.swift in Sources */,
				690982CD20CFB3B400C122AC /* Company.swift in Sources */,
				69BAA55520DBE69700961BB9 /* ViewWorkFlowDetailsVC.swift in Sources */,
				69E814FB20A45C4B0076A118 /* ForgotPasswordViewController.swift in Sources */,
				69BAA54E20DBC8CF00961BB9 /* FloatyItem.swift in Sources */,
				6972B88720B5A26E009B1BEC /* CircleView.swift in Sources */,
				690036EE20A9CB4F0007E825 /* TPULoginViewController.swift in Sources */,
				69BBE944209B0F20008F1913 /* APIResponseMessage.swift in Sources */,
				69BBE94A209B0F34008F1913 /* ApplicationUtils.swift in Sources */,
				69BBE941209B0F20008F1913 /* SearchDVIRDetailsResponse.swift in Sources */,
				69E814FF20A47A240076A118 /* TPUForgotUsernameViewController.swift in Sources */,
				692E5BB620DD06F600FB3AD4 /* ListEPUsersTableViewCell.swift in Sources */,
				69C8127420C0383F00A90081 /* StreetTurnRequestViewController.swift in Sources */,
				69BBE942209B0F20008F1913 /* Pagination.swift in Sources */,
				69E8150120A47C630076A118 /* TPUForgotPasswordViewController.swift in Sources */,
				699BDAF920A308D00088E0E9 /* EPLoginViewController.swift in Sources */,
				69FBD17B20EC75B80030FBF1 /* SearchRequestPoolDetailsResponse.swift in Sources */,
				69D7DAF120BE9DD100548F5A /* LoginUITabBarController.swift in Sources */,
				69BBE916209B0EBE008F1913 /* UITextFieldExtension.swift in Sources */,
				69BAA55320DBCBEC00961BB9 /* ViewStreetTurnDetailsVC.swift in Sources */,
				69C8127220C00F0800A90081 /* LocationSearchTableViewController.swift in Sources */,
				69BC0ABF20AC39DD00560AB6 /* IDDLogin1ViewController.swift in Sources */,
				69BAA54420DBA84E00961BB9 /* SearchSIADetails.swift in Sources */,
				69BAA54220DBA6B500961BB9 /* SearchInterchangeRequestTableViewCell.swift in Sources */,
				69BBE8DD209B0A69008F1913 /* AppDelegate.swift in Sources */,
				69BBE94D209B0F34008F1913 /* AppConstants.swift in Sources */,
				69BBE94C209B0F34008F1913 /* TestMain.swift in Sources */,
				693CE07320C9466C00736C4E /* SIADetailsDataTableViewCell.swift in Sources */,
				69FBD17920EC710C0030FBF1 /* RequestPoolSearchResultVC.swift in Sources */,
				692E5BB820DD0A3200FB3AD4 /* Profile.swift in Sources */,
				699BDAF720A2EDEF0088E0E9 /* MCLoginViewController.swift in Sources */,
				69BBE8E5209B0A69008F1913 /* SIA.xcdatamodeld in Sources */,
				692E5BB420DD06D400FB3AD4 /* ListEPUsersTableVC.swift in Sources */,
				69FC3F3D20DA579700B31A17 /* SearchInterchangeRequestsVC.swift in Sources */,
				69BAA55720DBE93F00961BB9 /* CircularTransition.swift in Sources */,
				69BAA54D20DBC8CF00961BB9 /* FloatyDelegate.swift in Sources */,
				69BAA54F20DBC8CF00961BB9 /* FloatyManager.swift in Sources */,
				69FBD17D20EC7FA80030FBF1 /* SearchRequestPoolTableViewCell.swift in Sources */,
				69FD8C9720BC381C00D076E4 /* DashboardTableViewCellDelegate.swift in Sources */,
				69FBD17F20ECA69A0030FBF1 /* SearchRequestPoolTableViewCellDelegate.swift in Sources */,
				6925E25820D40F4800886A3E /* SuccessViewController.swift in Sources */,
			);
			runOnlyForDeploymentPostprocessing = 0;
		};
		69BBE8EC209B0A69008F1913 /* Sources */ = {
			isa = PBXSourcesBuildPhase;
			buildActionMask = 2147483647;
			files = (
				69BBE8F5209B0A69008F1913 /* SIATests.swift in Sources */,
			);
			runOnlyForDeploymentPostprocessing = 0;
		};
		69BBE8F7209B0A69008F1913 /* Sources */ = {
			isa = PBXSourcesBuildPhase;
			buildActionMask = 2147483647;
			files = (
				69BBE900209B0A69008F1913 /* SIAUITests.swift in Sources */,
			);
			runOnlyForDeploymentPostprocessing = 0;
		};
/* End PBXSourcesBuildPhase section */

/* Begin PBXTargetDependency section */
		69BBE8F2209B0A69008F1913 /* PBXTargetDependency */ = {
			isa = PBXTargetDependency;
			target = 69BBE8D8209B0A69008F1913 /* SIA */;
			targetProxy = 69BBE8F1209B0A69008F1913 /* PBXContainerItemProxy */;
		};
		69BBE8FD209B0A69008F1913 /* PBXTargetDependency */ = {
			isa = PBXTargetDependency;
			target = 69BBE8D8209B0A69008F1913 /* SIA */;
			targetProxy = 69BBE8FC209B0A69008F1913 /* PBXContainerItemProxy */;
		};
/* End PBXTargetDependency section */

/* Begin PBXVariantGroup section */
		69BBE8E0209B0A69008F1913 /* Main.storyboard */ = {
			isa = PBXVariantGroup;
			children = (
				69BBE8E1209B0A69008F1913 /* Base */,
			);
			name = Main.storyboard;
			sourceTree = "<group>";
		};
		69BBE8E8209B0A69008F1913 /* LaunchScreen.storyboard */ = {
			isa = PBXVariantGroup;
			children = (
				69BBE8E9209B0A69008F1913 /* Base */,
			);
			name = LaunchScreen.storyboard;
			sourceTree = "<group>";
		};
/* End PBXVariantGroup section */

/* Begin XCBuildConfiguration section */
		69BBE902209B0A69008F1913 /* Debug */ = {
			isa = XCBuildConfiguration;
			buildSettings = {
				ALWAYS_SEARCH_USER_PATHS = NO;
				CLANG_ANALYZER_NONNULL = YES;
				CLANG_ANALYZER_NUMBER_OBJECT_CONVERSION = YES_AGGRESSIVE;
				CLANG_CXX_LANGUAGE_STANDARD = "gnu++14";
				CLANG_CXX_LIBRARY = "libc++";
				CLANG_ENABLE_MODULES = YES;
				CLANG_ENABLE_OBJC_ARC = YES;
				CLANG_WARN_BLOCK_CAPTURE_AUTORELEASING = YES;
				CLANG_WARN_BOOL_CONVERSION = YES;
				CLANG_WARN_COMMA = YES;
				CLANG_WARN_CONSTANT_CONVERSION = YES;
				CLANG_WARN_DEPRECATED_OBJC_IMPLEMENTATIONS = YES;
				CLANG_WARN_DIRECT_OBJC_ISA_USAGE = YES_ERROR;
				CLANG_WARN_DOCUMENTATION_COMMENTS = YES;
				CLANG_WARN_EMPTY_BODY = YES;
				CLANG_WARN_ENUM_CONVERSION = YES;
				CLANG_WARN_INFINITE_RECURSION = YES;
				CLANG_WARN_INT_CONVERSION = YES;
				CLANG_WARN_NON_LITERAL_NULL_CONVERSION = YES;
				CLANG_WARN_OBJC_IMPLICIT_RETAIN_SELF = YES;
				CLANG_WARN_OBJC_LITERAL_CONVERSION = YES;
				CLANG_WARN_OBJC_ROOT_CLASS = YES_ERROR;
				CLANG_WARN_RANGE_LOOP_ANALYSIS = YES;
				CLANG_WARN_STRICT_PROTOTYPES = YES;
				CLANG_WARN_SUSPICIOUS_MOVE = YES;
				CLANG_WARN_UNGUARDED_AVAILABILITY = YES_AGGRESSIVE;
				CLANG_WARN_UNREACHABLE_CODE = YES;
				CLANG_WARN__DUPLICATE_METHOD_MATCH = YES;
				CODE_SIGN_IDENTITY = "iPhone Developer";
				COPY_PHASE_STRIP = NO;
				DEBUG_INFORMATION_FORMAT = dwarf;
				ENABLE_STRICT_OBJC_MSGSEND = YES;
				ENABLE_TESTABILITY = YES;
				GCC_C_LANGUAGE_STANDARD = gnu11;
				GCC_DYNAMIC_NO_PIC = NO;
				GCC_NO_COMMON_BLOCKS = YES;
				GCC_OPTIMIZATION_LEVEL = 0;
				GCC_PREPROCESSOR_DEFINITIONS = (
					"DEBUG=1",
					"$(inherited)",
				);
				GCC_WARN_64_TO_32_BIT_CONVERSION = YES;
				GCC_WARN_ABOUT_RETURN_TYPE = YES_ERROR;
				GCC_WARN_UNDECLARED_SELECTOR = YES;
				GCC_WARN_UNINITIALIZED_AUTOS = YES_AGGRESSIVE;
				GCC_WARN_UNUSED_FUNCTION = YES;
				GCC_WARN_UNUSED_VARIABLE = YES;
				IPHONEOS_DEPLOYMENT_TARGET = 11.3;
				MTL_ENABLE_DEBUG_INFO = YES;
				ONLY_ACTIVE_ARCH = YES;
				SDKROOT = iphoneos;
				SWIFT_ACTIVE_COMPILATION_CONDITIONS = DEBUG;
				SWIFT_OPTIMIZATION_LEVEL = "-Onone";
				SWIFT_VERSION = 4.0;
			};
			name = Debug;
		};
		69BBE903209B0A69008F1913 /* Release */ = {
			isa = XCBuildConfiguration;
			buildSettings = {
				ALWAYS_SEARCH_USER_PATHS = NO;
				CLANG_ANALYZER_NONNULL = YES;
				CLANG_ANALYZER_NUMBER_OBJECT_CONVERSION = YES_AGGRESSIVE;
				CLANG_CXX_LANGUAGE_STANDARD = "gnu++14";
				CLANG_CXX_LIBRARY = "libc++";
				CLANG_ENABLE_MODULES = YES;
				CLANG_ENABLE_OBJC_ARC = YES;
				CLANG_WARN_BLOCK_CAPTURE_AUTORELEASING = YES;
				CLANG_WARN_BOOL_CONVERSION = YES;
				CLANG_WARN_COMMA = YES;
				CLANG_WARN_CONSTANT_CONVERSION = YES;
				CLANG_WARN_DEPRECATED_OBJC_IMPLEMENTATIONS = YES;
				CLANG_WARN_DIRECT_OBJC_ISA_USAGE = YES_ERROR;
				CLANG_WARN_DOCUMENTATION_COMMENTS = YES;
				CLANG_WARN_EMPTY_BODY = YES;
				CLANG_WARN_ENUM_CONVERSION = YES;
				CLANG_WARN_INFINITE_RECURSION = YES;
				CLANG_WARN_INT_CONVERSION = YES;
				CLANG_WARN_NON_LITERAL_NULL_CONVERSION = YES;
				CLANG_WARN_OBJC_IMPLICIT_RETAIN_SELF = YES;
				CLANG_WARN_OBJC_LITERAL_CONVERSION = YES;
				CLANG_WARN_OBJC_ROOT_CLASS = YES_ERROR;
				CLANG_WARN_RANGE_LOOP_ANALYSIS = YES;
				CLANG_WARN_STRICT_PROTOTYPES = YES;
				CLANG_WARN_SUSPICIOUS_MOVE = YES;
				CLANG_WARN_UNGUARDED_AVAILABILITY = YES_AGGRESSIVE;
				CLANG_WARN_UNREACHABLE_CODE = YES;
				CLANG_WARN__DUPLICATE_METHOD_MATCH = YES;
				CODE_SIGN_IDENTITY = "iPhone Developer";
				COPY_PHASE_STRIP = NO;
				DEBUG_INFORMATION_FORMAT = "dwarf-with-dsym";
				ENABLE_NS_ASSERTIONS = NO;
				ENABLE_STRICT_OBJC_MSGSEND = YES;
				GCC_C_LANGUAGE_STANDARD = gnu11;
				GCC_NO_COMMON_BLOCKS = YES;
				GCC_WARN_64_TO_32_BIT_CONVERSION = YES;
				GCC_WARN_ABOUT_RETURN_TYPE = YES_ERROR;
				GCC_WARN_UNDECLARED_SELECTOR = YES;
				GCC_WARN_UNINITIALIZED_AUTOS = YES_AGGRESSIVE;
				GCC_WARN_UNUSED_FUNCTION = YES;
				GCC_WARN_UNUSED_VARIABLE = YES;
				IPHONEOS_DEPLOYMENT_TARGET = 11.3;
				MTL_ENABLE_DEBUG_INFO = NO;
				SDKROOT = iphoneos;
				SWIFT_OPTIMIZATION_LEVEL = "-Owholemodule";
				SWIFT_VERSION = 4.0;
				VALIDATE_PRODUCT = YES;
			};
			name = Release;
		};
		69BBE905209B0A69008F1913 /* Debug */ = {
			isa = XCBuildConfiguration;
			baseConfigurationReference = B55FDCE754B05B09A647EB87 /* Pods-SIA.debug.xcconfig */;
			buildSettings = {
				ASSETCATALOG_COMPILER_APPICON_NAME = AppIcon;
				CODE_SIGN_STYLE = Automatic;
				DEVELOPMENT_TEAM = GQ9Y63X4KT;
				INFOPLIST_FILE = SIA/Info.plist;
				IPHONEOS_DEPLOYMENT_TARGET = 11.3;
				LD_RUNPATH_SEARCH_PATHS = "$(inherited) @executable_path/Frameworks";
				PRODUCT_BUNDLE_IDENTIFIER = com.iana.test.SIA;
				PRODUCT_NAME = "$(TARGET_NAME)";
				SWIFT_VERSION = 4.0;
				TARGETED_DEVICE_FAMILY = "1,2";
			};
			name = Debug;
		};
		69BBE906209B0A69008F1913 /* Release */ = {
			isa = XCBuildConfiguration;
			baseConfigurationReference = 482B039D521B4F445647F2FD /* Pods-SIA.release.xcconfig */;
			buildSettings = {
				ASSETCATALOG_COMPILER_APPICON_NAME = AppIcon;
				CODE_SIGN_STYLE = Automatic;
				DEVELOPMENT_TEAM = GQ9Y63X4KT;
				INFOPLIST_FILE = SIA/Info.plist;
				IPHONEOS_DEPLOYMENT_TARGET = 11.3;
				LD_RUNPATH_SEARCH_PATHS = "$(inherited) @executable_path/Frameworks";
				PRODUCT_BUNDLE_IDENTIFIER = com.iana.test.SIA;
				PRODUCT_NAME = "$(TARGET_NAME)";
				SWIFT_VERSION = 4.0;
				TARGETED_DEVICE_FAMILY = "1,2";
			};
			name = Release;
		};
		69BBE908209B0A69008F1913 /* Debug */ = {
			isa = XCBuildConfiguration;
			buildSettings = {
				ALWAYS_EMBED_SWIFT_STANDARD_LIBRARIES = YES;
				BUNDLE_LOADER = "$(TEST_HOST)";
				CODE_SIGN_STYLE = Automatic;
				DEVELOPMENT_TEAM = GQ9Y63X4KT;
				INFOPLIST_FILE = SIATests/Info.plist;
				LD_RUNPATH_SEARCH_PATHS = "$(inherited) @executable_path/Frameworks @loader_path/Frameworks";
				PRODUCT_BUNDLE_IDENTIFIER = com.iana.test.SIATests;
				PRODUCT_NAME = "$(TARGET_NAME)";
				SWIFT_VERSION = 4.0;
				TARGETED_DEVICE_FAMILY = "1,2";
				TEST_HOST = "$(BUILT_PRODUCTS_DIR)/SIA.app/SIA";
			};
			name = Debug;
		};
		69BBE909209B0A69008F1913 /* Release */ = {
			isa = XCBuildConfiguration;
			buildSettings = {
				ALWAYS_EMBED_SWIFT_STANDARD_LIBRARIES = YES;
				BUNDLE_LOADER = "$(TEST_HOST)";
				CODE_SIGN_STYLE = Automatic;
				DEVELOPMENT_TEAM = GQ9Y63X4KT;
				INFOPLIST_FILE = SIATests/Info.plist;
				LD_RUNPATH_SEARCH_PATHS = "$(inherited) @executable_path/Frameworks @loader_path/Frameworks";
				PRODUCT_BUNDLE_IDENTIFIER = com.iana.test.SIATests;
				PRODUCT_NAME = "$(TARGET_NAME)";
				SWIFT_VERSION = 4.0;
				TARGETED_DEVICE_FAMILY = "1,2";
				TEST_HOST = "$(BUILT_PRODUCTS_DIR)/SIA.app/SIA";
			};
			name = Release;
		};
		69BBE90B209B0A69008F1913 /* Debug */ = {
			isa = XCBuildConfiguration;
			buildSettings = {
				ALWAYS_EMBED_SWIFT_STANDARD_LIBRARIES = YES;
				CODE_SIGN_STYLE = Automatic;
				DEVELOPMENT_TEAM = GQ9Y63X4KT;
				INFOPLIST_FILE = SIAUITests/Info.plist;
				LD_RUNPATH_SEARCH_PATHS = "$(inherited) @executable_path/Frameworks @loader_path/Frameworks";
				PRODUCT_BUNDLE_IDENTIFIER = com.iana.test.SIAUITests;
				PRODUCT_NAME = "$(TARGET_NAME)";
				SWIFT_VERSION = 4.0;
				TARGETED_DEVICE_FAMILY = "1,2";
				TEST_TARGET_NAME = SIA;
			};
			name = Debug;
		};
		69BBE90C209B0A69008F1913 /* Release */ = {
			isa = XCBuildConfiguration;
			buildSettings = {
				ALWAYS_EMBED_SWIFT_STANDARD_LIBRARIES = YES;
				CODE_SIGN_STYLE = Automatic;
				DEVELOPMENT_TEAM = GQ9Y63X4KT;
				INFOPLIST_FILE = SIAUITests/Info.plist;
				LD_RUNPATH_SEARCH_PATHS = "$(inherited) @executable_path/Frameworks @loader_path/Frameworks";
				PRODUCT_BUNDLE_IDENTIFIER = com.iana.test.SIAUITests;
				PRODUCT_NAME = "$(TARGET_NAME)";
				SWIFT_VERSION = 4.0;
				TARGETED_DEVICE_FAMILY = "1,2";
				TEST_TARGET_NAME = SIA;
			};
			name = Release;
		};
/* End XCBuildConfiguration section */

/* Begin XCConfigurationList section */
		69BBE8D4209B0A69008F1913 /* Build configuration list for PBXProject "SIA" */ = {
			isa = XCConfigurationList;
			buildConfigurations = (
				69BBE902209B0A69008F1913 /* Debug */,
				69BBE903209B0A69008F1913 /* Release */,
			);
			defaultConfigurationIsVisible = 0;
			defaultConfigurationName = Release;
		};
		69BBE904209B0A69008F1913 /* Build configuration list for PBXNativeTarget "SIA" */ = {
			isa = XCConfigurationList;
			buildConfigurations = (
				69BBE905209B0A69008F1913 /* Debug */,
				69BBE906209B0A69008F1913 /* Release */,
			);
			defaultConfigurationIsVisible = 0;
			defaultConfigurationName = Release;
		};
		69BBE907209B0A69008F1913 /* Build configuration list for PBXNativeTarget "SIATests" */ = {
			isa = XCConfigurationList;
			buildConfigurations = (
				69BBE908209B0A69008F1913 /* Debug */,
				69BBE909209B0A69008F1913 /* Release */,
			);
			defaultConfigurationIsVisible = 0;
			defaultConfigurationName = Release;
		};
		69BBE90A209B0A69008F1913 /* Build configuration list for PBXNativeTarget "SIAUITests" */ = {
			isa = XCConfigurationList;
			buildConfigurations = (
				69BBE90B209B0A69008F1913 /* Debug */,
				69BBE90C209B0A69008F1913 /* Release */,
			);
			defaultConfigurationIsVisible = 0;
			defaultConfigurationName = Release;
		};
/* End XCConfigurationList section */

/* Begin XCVersionGroup section */
		69BBE8E3209B0A69008F1913 /* SIA.xcdatamodeld */ = {
			isa = XCVersionGroup;
			children = (
				69BBE8E4209B0A69008F1913 /* SIA.xcdatamodel */,
			);
			currentVersion = 69BBE8E4209B0A69008F1913 /* SIA.xcdatamodel */;
			path = SIA.xcdatamodeld;
			sourceTree = "<group>";
			versionGroupType = wrapper.xcdatamodel;
		};
/* End XCVersionGroup section */
	};
	rootObject = 69BBE8D1209B0A69008F1913 /* Project object */;
}
