PODS:
  - Canvas (0.1.2)
  - IQKeyboardManagerSwift (6.0.4)

DEPENDENCIES:
  - Canvas (~> 0.1)
  - IQKeyboardManagerSwift (~> 6.0)

SPEC REPOS:
  https://github.com/cocoapods/specs.git:
    - Canvas
    - IQKeyboardManagerSwift

SPEC CHECKSUMS:
  Canvas: eb861e3b555d032648146c8ffda1a5dea40059ca
  IQKeyboardManagerSwift: 36dbe324b4f9793f5f41ba5227f3e7c76dfefd50

PODFILE CHECKSUM: b78830a36f812be6a48316c18eb04a59376ff0cc

COCOAPODS: 1.5.3
